{
    "_meta": {
        "hash": {
            "sha256": "5589cbdf449557c4b128f400d1fc33280e2d34926c34b602785b901e3453f58a"
        },
        "pipfile-spec": 6,
        "requires": {
            "python_version": "3.11"
        },
        "sources": [
            {
                "name": "pypi",
                "url": "https://pypi.org/simple",
                "verify_ssl": true
            }
        ]
    },
    "default": {
        "platformshconfig": {
            "hashes": [
                "sha256:3eb95a514de57ce3341690fd3e0a61e6fa8c858a0793810a29fcce40691254a2",
                "sha256:ff1e29719d2789f6d164e1abd42dbecec1c535e5e741161ba177cec34bfdd6de"
            ],
            "index": "pypi",
            "version": "==2.4.0"
        },
        "pymysql": {
            "hashes": [
                "sha256:3dda943ef3694068a75d69d071755dbecacee1adf9a1fc5b206830d2b67d25e8",
                "sha256:89fc6ae41c0aeb6e1f7710cdd623702ea2c54d040565767a78b00a5ebb12f4e5"
            ],
            "index": "pypi",
            "version": "==1.0.3"
        },
        "redis": {
            "hashes": [
                "sha256:77929bc7f5dab9adf3acba2d3bb7d7658f1e0c2f1cafe7eb36434e751c471119",
                "sha256:dc87a0bdef6c8bfe1ef1e1c40be7034390c2ae02d92dcd0c7ca1729443899880"
            ],
            "index": "pypi",
            "version": "==4.5.5"
        }
    },
    "develop": {}
}
